
Microsoft Visual Studio Solution File, Format Version 12.00
# Visual Studio 15
VisualStudioVersion = 15.0.27004.2006
MinimumVisualStudioVersion = 10.0.40219.1
Project("{FAE04EC0-301F-11D3-BF4B-00C04F79EFBC}") = "PowellChess", "PowellChess\PowellChess.csproj", "{DC61FAFC-CC8E-4B1E-87E3-ECDBF825D61D}"
EndProject
Global
	GlobalSection(SolutionConfigurationPlatforms) = preSolution
		Debug|x86 = Debug|x86
		Release|x86 = Release|x86
	EndGlobalSection
	GlobalSection(ProjectConfigurationPlatforms) = postSolution
		{DC61FAFC-CC8E-4B1E-87E3-ECDBF825D61D}.Debug|x86.ActiveCfg = Debug|x86
		{DC61FAFC-CC8E-4B1E-87E3-ECDBF825D61D}.Debug|x86.Build.0 = Debug|x86
		{DC61FAFC-CC8E-4B1E-87E3-ECDBF825D61D}.Release|x86.ActiveCfg = Release|x86
		{DC61FAFC-CC8E-4B1E-87E3-ECDBF825D61D}.Release|x86.Build.0 = Release|x86
	EndGlobalSection
	GlobalSection(SolutionProperties) = preSolution
		HideSolutionNode = FALSE
	EndGlobalSection
	GlobalSection(ExtensibilityGlobals) = postSolution
		SolutionGuid = {1B95EE7B-584C-4327-A3AB-E1900DA01474}
	EndGlobalSection
EndGlobal
